
Microsoft Visual Studio Solution File, Format Version 12.00
# Visual Studio Version 16
VisualStudioVersion = 16.0.29424.173
MinimumVisualStudioVersion = 10.0.40219.1
Project("{9A19103F-16F7-4668-BE54-9A1E7A4F7556}") = "TicTacToe", "TicTacToe\TicTacToe.csproj", "{DC411E7B-97FB-46A3-9709-85092EA37891}"
EndProject
Project("{9A19103F-16F7-4668-BE54-9A1E7A4F7556}") = "TicTacToe.Objects", "TicTacToe.Objects\TicTacToe.Objects.csproj", "{48D9C1CB-BAE2-4DDF-B4D7-D0C3B3025EDC}"
EndProject
Project("{9A19103F-16F7-4668-BE54-9A1E7A4F7556}") = "TicTacToe.AI", "TicTacToe.AI\TicTacToe.AI.csproj", "{31546AED-816D-4A5B-9FD4-A1B3B6FA7AA7}"
EndProject
Project("{9A19103F-16F7-4668-BE54-9A1E7A4F7556}") = "TicTacToe.Tests", "TicTacToe.Tests\TicTacToe.Tests.csproj", "{60A9D752-9091-4196-B5A4-F82F759A7A38}"
EndProject
Project("{FAE04EC0-301F-11D3-BF4B-00C04F79EFBC}") = "TicTacToe.Contracts", "TicTacToe.Contracts\TicTacToe.Contracts.csproj", "{A1C47063-8526-416A-AA0A-E21E5B54BFEC}"
EndProject
Global
	GlobalSection(SolutionConfigurationPlatforms) = preSolution
		Debug|Any CPU = Debug|Any CPU
		Release|Any CPU = Release|Any CPU
	EndGlobalSection
	GlobalSection(ProjectConfigurationPlatforms) = postSolution
		{DC411E7B-97FB-46A3-9709-85092EA37891}.Debug|Any CPU.ActiveCfg = Debug|Any CPU
		{DC411E7B-97FB-46A3-9709-85092EA37891}.Debug|Any CPU.Build.0 = Debug|Any CPU
		{DC411E7B-97FB-46A3-9709-85092EA37891}.Release|Any CPU.ActiveCfg = Release|Any CPU
		{DC411E7B-97FB-46A3-9709-85092EA37891}.Release|Any CPU.Build.0 = Release|Any CPU
		{48D9C1CB-BAE2-4DDF-B4D7-D0C3B3025EDC}.Debug|Any CPU.ActiveCfg = Debug|Any CPU
		{48D9C1CB-BAE2-4DDF-B4D7-D0C3B3025EDC}.Debug|Any CPU.Build.0 = Debug|Any CPU
		{48D9C1CB-BAE2-4DDF-B4D7-D0C3B3025EDC}.Release|Any CPU.ActiveCfg = Release|Any CPU
		{48D9C1CB-BAE2-4DDF-B4D7-D0C3B3025EDC}.Release|Any CPU.Build.0 = Release|Any CPU
		{31546AED-816D-4A5B-9FD4-A1B3B6FA7AA7}.Debug|Any CPU.ActiveCfg = Debug|Any CPU
		{31546AED-816D-4A5B-9FD4-A1B3B6FA7AA7}.Debug|Any CPU.Build.0 = Debug|Any CPU
		{31546AED-816D-4A5B-9FD4-A1B3B6FA7AA7}.Release|Any CPU.ActiveCfg = Release|Any CPU
		{31546AED-816D-4A5B-9FD4-A1B3B6FA7AA7}.Release|Any CPU.Build.0 = Release|Any CPU
		{60A9D752-9091-4196-B5A4-F82F759A7A38}.Debug|Any CPU.ActiveCfg = Debug|Any CPU
		{60A9D752-9091-4196-B5A4-F82F759A7A38}.Debug|Any CPU.Build.0 = Debug|Any CPU
		{60A9D752-9091-4196-B5A4-F82F759A7A38}.Release|Any CPU.ActiveCfg = Release|Any CPU
		{60A9D752-9091-4196-B5A4-F82F759A7A38}.Release|Any CPU.Build.0 = Release|Any CPU
		{A1C47063-8526-416A-AA0A-E21E5B54BFEC}.Debug|Any CPU.ActiveCfg = Debug|Any CPU
		{A1C47063-8526-416A-AA0A-E21E5B54BFEC}.Debug|Any CPU.Build.0 = Debug|Any CPU
		{A1C47063-8526-416A-AA0A-E21E5B54BFEC}.Release|Any CPU.ActiveCfg = Release|Any CPU
		{A1C47063-8526-416A-AA0A-E21E5B54BFEC}.Release|Any CPU.Build.0 = Release|Any CPU
	EndGlobalSection
	GlobalSection(SolutionProperties) = preSolution
		HideSolutionNode = FALSE
	EndGlobalSection
	GlobalSection(ExtensibilityGlobals) = postSolution
		SolutionGuid = {876EAAD9-A382-47A9-B204-1051B123B6B1}
	EndGlobalSection
EndGlobal
